
Microsoft Visual Studio Solution File, Format Version 12.00
# Visual Studio Version 17
VisualStudioVersion = 17.0.32014.148
MinimumVisualStudioVersion = 10.0.40219.1
Project("{9A19103F-16F7-4668-BE54-9A1E7A4F7556}") = "AreaCalculation", "AreaCalculation\AreaCalculation.csproj", "{12E21242-F2FF-4F37-884A-B8865BB48F1E}"
EndProject
Project("{FAE04EC0-301F-11D3-BF4B-00C04F79EFBC}") = "AreaCalculation.Test", "AreaCalculation.Test\AreaCalculation.Test.csproj", "{541E4949-0633-4AA0-92F6-E2DB250F7668}"
EndProject
Global
	GlobalSection(SolutionConfigurationPlatforms) = preSolution
		Debug|Any CPU = Debug|Any CPU
		Release|Any CPU = Release|Any CPU
	EndGlobalSection
	GlobalSection(ProjectConfigurationPlatforms) = postSolution
		{12E21242-F2FF-4F37-884A-B8865BB48F1E}.Debug|Any CPU.ActiveCfg = Debug|Any CPU
		{12E21242-F2FF-4F37-884A-B8865BB48F1E}.Debug|Any CPU.Build.0 = Debug|Any CPU
		{12E21242-F2FF-4F37-884A-B8865BB48F1E}.Release|Any CPU.ActiveCfg = Release|Any CPU
		{12E21242-F2FF-4F37-884A-B8865BB48F1E}.Release|Any CPU.Build.0 = Release|Any CPU
		{541E4949-0633-4AA0-92F6-E2DB250F7668}.Debug|Any CPU.ActiveCfg = Debug|Any CPU
		{541E4949-0633-4AA0-92F6-E2DB250F7668}.Debug|Any CPU.Build.0 = Debug|Any CPU
		{541E4949-0633-4AA0-92F6-E2DB250F7668}.Release|Any CPU.ActiveCfg = Release|Any CPU
		{541E4949-0633-4AA0-92F6-E2DB250F7668}.Release|Any CPU.Build.0 = Release|Any CPU
	EndGlobalSection
	GlobalSection(SolutionProperties) = preSolution
		HideSolutionNode = FALSE
	EndGlobalSection
	GlobalSection(ExtensibilityGlobals) = postSolution
		SolutionGuid = {441EAFA1-9B1C-489A-86B9-1BD864656D61}
	EndGlobalSection
EndGlobal
